
Microsoft Visual Studio Solution File, Format Version 10.00
# Visual Studio 2008
Project("{FAE04EC0-301F-11D3-BF4B-00C04F79EFBC}") = "TestCommand", "TestCommand\TestCommand.csproj", "{5BA44955-298A-4793-85F7-237B306F8663}"
EndProject
Project("{FAE04EC0-301F-11D3-BF4B-00C04F79EFBC}") = "FaceSpotFaceEditor", "FaceSpotFaceEditor\FaceSpotFaceEditor.csproj", "{8A8E96C0-D71A-4B4A-AE07-740FA3369A8F}"
EndProject
Project("{FAE04EC0-301F-11D3-BF4B-00C04F79EFBC}") = "FaceSpot", "FaceSpot\FaceSpot.csproj", "{8AE80E94-2B7E-4588-BB74-12DD7F111EAE}"
EndProject
Project("{FAE04EC0-301F-11D3-BF4B-00C04F79EFBC}") = "FaceSpotService", "FaceSpotService\FaceSpotService.csproj", "{6812C1E5-5B74-4D6F-BB7B-FEA3CFEC14B2}"
EndProject
Project("{FAE04EC0-301F-11D3-BF4B-00C04F79EFBC}") = "FaceSpotSidebar", "FaceSpotSidebar\FaceSpotSidebar.csproj", "{318BE3F4-1E05-4D60-BB12-0FF0ED00BE53}"
EndProject
Global
	GlobalSection(SolutionConfigurationPlatforms) = preSolution
		Debug|x86 = Debug|x86
		Release|x86 = Release|x86
	EndGlobalSection
	GlobalSection(ProjectConfigurationPlatforms) = postSolution
		{318BE3F4-1E05-4D60-BB12-0FF0ED00BE53}.Debug|x86.ActiveCfg = Debug|Any CPU
		{318BE3F4-1E05-4D60-BB12-0FF0ED00BE53}.Debug|x86.Build.0 = Debug|Any CPU
		{318BE3F4-1E05-4D60-BB12-0FF0ED00BE53}.Release|x86.ActiveCfg = Release|Any CPU
		{318BE3F4-1E05-4D60-BB12-0FF0ED00BE53}.Release|x86.Build.0 = Release|Any CPU
		{5BA44955-298A-4793-85F7-237B306F8663}.Debug|x86.ActiveCfg = Debug|Any CPU
		{5BA44955-298A-4793-85F7-237B306F8663}.Debug|x86.Build.0 = Debug|Any CPU
		{5BA44955-298A-4793-85F7-237B306F8663}.Release|x86.ActiveCfg = Release|Any CPU
		{5BA44955-298A-4793-85F7-237B306F8663}.Release|x86.Build.0 = Release|Any CPU
		{6812C1E5-5B74-4D6F-BB7B-FEA3CFEC14B2}.Debug|x86.ActiveCfg = Debug|Any CPU
		{6812C1E5-5B74-4D6F-BB7B-FEA3CFEC14B2}.Debug|x86.Build.0 = Debug|Any CPU
		{6812C1E5-5B74-4D6F-BB7B-FEA3CFEC14B2}.Release|x86.ActiveCfg = Release|Any CPU
		{6812C1E5-5B74-4D6F-BB7B-FEA3CFEC14B2}.Release|x86.Build.0 = Release|Any CPU
		{8A8E96C0-D71A-4B4A-AE07-740FA3369A8F}.Debug|x86.ActiveCfg = Debug|Any CPU
		{8A8E96C0-D71A-4B4A-AE07-740FA3369A8F}.Debug|x86.Build.0 = Debug|Any CPU
		{8A8E96C0-D71A-4B4A-AE07-740FA3369A8F}.Release|x86.ActiveCfg = Release|Any CPU
		{8A8E96C0-D71A-4B4A-AE07-740FA3369A8F}.Release|x86.Build.0 = Release|Any CPU
		{8AE80E94-2B7E-4588-BB74-12DD7F111EAE}.Debug|x86.ActiveCfg = Debug|Any CPU
		{8AE80E94-2B7E-4588-BB74-12DD7F111EAE}.Debug|x86.Build.0 = Debug|Any CPU
		{8AE80E94-2B7E-4588-BB74-12DD7F111EAE}.Release|x86.ActiveCfg = Release|Any CPU
		{8AE80E94-2B7E-4588-BB74-12DD7F111EAE}.Release|x86.Build.0 = Release|Any CPU
	EndGlobalSection
	GlobalSection(MonoDevelopProperties) = preSolution
		StartupItem = TestCommand\TestCommand.csproj
		Policies = $0
		$0.DotNetNamingPolicy = $1
		$1.DirectoryNamespaceAssociation = None
		$1.ResourceNamePolicy = FileFormatDefault
		$0.TextStylePolicy = $2
		$2.inheritsSet = Mono
		$2.inheritsScope = text/plain
		$2.scope = application/x-addin+xml
		$0.TextStylePolicy = $3
		$3.inheritsSet = null
		$3.scope = text/x-csharp
		$0.CSharpFormattingPolicy = $4
		$4.inheritsSet = Mono
		$4.inheritsScope = text/x-csharp
		$4.scope = text/x-csharp
		$0.StandardHeader = $5
		$5.Text = 
		$5.inheritsSet = MITX11License
	EndGlobalSection
EndGlobal
